{
  "name": "hex2words",
  "version": "1.1.6",
  "lockfileVersion": 1,
  "requires": true,
  "dependencies": {
    "argparse": {
      "version": "1.0.10",
      "resolved": "https://registry.npmjs.org/argparse/-/argparse-1.0.10.tgz",
      "integrity": "sha512-o5Roy6tNG4SL/FOkCAN6RzjiakZS25RLYFrcMttJqbdd8BWrnA+fGz57iN5Pb06pvBGvl5gQ0B48dJlslXvoTg==",
      "dev": true,
      "requires": {
        "sprintf-js": "~1.0.2"
      }
    },
    "core-util-is": {
      "version": "1.0.2",
      "resolved": "https://registry.npmjs.org/core-util-is/-/core-util-is-1.0.2.tgz",
      "integrity": "sha1-tf1UIgqivFq1eqtxQMlAdUUDwac=",
      "dev": true
    },
    "duplexer": {
      "version": "0.1.1",
      "resolved": "https://registry.npmjs.org/duplexer/-/duplexer-0.1.1.tgz",
      "integrity": "sha1-rOb/gIwc5mtX0ev5eXessCM0z8E=",
      "dev": true
    },
    "esprima": {
      "version": "4.0.1",
      "resolved": "https://registry.npmjs.org/esprima/-/esprima-4.0.1.tgz",
      "integrity": "sha512-eGuFFw7Upda+g4p+QHvnW0RyTX/SVeJBDM/gCtMARO0cLuT2HcEKnTPvhjV6aGeqrCB/sbNop0Kszm0jsaWU4A==",
      "dev": true
    },
    "inherits": {
      "version": "2.0.4",
      "resolved": "https://registry.npmjs.org/inherits/-/inherits-2.0.4.tgz",
      "integrity": "sha512-k/vGaX4/Yla3WzyMCvTQOXYeIHvqOKtnqBduzTHpzpQZzAskKMhZ2K+EnBiSM9zGSoIFeMpXKxa4dYeZIQqewQ==",
      "dev": true
    },
    "isarray": {
      "version": "1.0.0",
      "resolved": "https://registry.npmjs.org/isarray/-/isarray-1.0.0.tgz",
      "integrity": "sha1-u5NdSFgsuhaMBoNJV6VKPgcSTxE=",
      "dev": true
    },
    "js-yaml": {
      "version": "3.14.0",
      "resolved": "https://registry.npmjs.org/js-yaml/-/js-yaml-3.14.0.tgz",
      "integrity": "sha512-/4IbIeHcD9VMHFqDR/gQ7EdZdLimOvW2DdcxFjdyyZ9NsbS+ccrXqVWDtab/lRl5AlUqmpBx8EhPaWR+OtY17A==",
      "dev": true,
      "requires": {
        "argparse": "^1.0.7",
        "esprima": "^4.0.0"
      }
    },
    "pgp-word-list": {
      "version": "0.0.1",
      "resolved": "https://registry.npmjs.org/pgp-word-list/-/pgp-word-list-0.0.1.tgz",
      "integrity": "sha1-LSzduCl4R8ZZIHhV+XB23az3EVc="
    },
    "process-nextick-args": {
      "version": "2.0.1",
      "resolved": "https://registry.npmjs.org/process-nextick-args/-/process-nextick-args-2.0.1.tgz",
      "integrity": "sha512-3ouUOpQhtgrbOa17J7+uxOTpITYWaGP7/AhoR3+A+/1e9skrzelGi/dXzEYyvbxubEF6Wn2ypscTKiKJFFn1ag==",
      "dev": true
    },
    "readable-stream": {
      "version": "2.3.7",
      "resolved": "https://registry.npmjs.org/readable-stream/-/readable-stream-2.3.7.tgz",
      "integrity": "sha512-Ebho8K4jIbHAxnuxi7o42OrZgF/ZTNcsZj6nRKyUmkhLFq8CHItp/fy6hQZuZmP/n3yZ9VBUbp4zz/mX8hmYPw==",
      "dev": true,
      "requires": {
        "core-util-is": "~1.0.0",
        "inherits": "~2.0.3",
        "isarray": "~1.0.0",
        "process-nextick-args": "~2.0.0",
        "safe-buffer": "~5.1.1",
        "string_decoder": "~1.1.1",
        "util-deprecate": "~1.0.1"
      }
    },
    "safe-buffer": {
      "version": "5.1.2",
      "resolved": "https://registry.npmjs.org/safe-buffer/-/safe-buffer-5.1.2.tgz",
      "integrity": "sha512-Gd2UZBJDkXlY7GbJxfsE8/nvKkUEU1G38c1siN6QP6a9PT9MmHB8GnpscSmMJSoF8LOIrt8ud/wPtojys4G6+g==",
      "dev": true
    },
    "split2": {
      "version": "2.2.0",
      "resolved": "https://registry.npmjs.org/split2/-/split2-2.2.0.tgz",
      "integrity": "sha512-RAb22TG39LhI31MbreBgIuKiIKhVsawfTgEGqKHTK87aG+ul/PB8Sqoi3I7kVdRWiCfrKxK3uo4/YUkpNvhPbw==",
      "dev": true,
      "requires": {
        "through2": "^2.0.2"
      }
    },
    "sprintf-js": {
      "version": "1.0.3",
      "resolved": "https://registry.npmjs.org/sprintf-js/-/sprintf-js-1.0.3.tgz",
      "integrity": "sha1-BOaSb2YolTVPPdAVIDYzuFcpfiw=",
      "dev": true
    },
    "string_decoder": {
      "version": "1.1.1",
      "resolved": "https://registry.npmjs.org/string_decoder/-/string_decoder-1.1.1.tgz",
      "integrity": "sha512-n/ShnvDi6FHbbVfviro+WojiFzv+s8MPMHBczVePfUpDJLwoLT0ht1l4YwBCbi8pJAveEEdnkHyPyTP/mzRfwg==",
      "dev": true,
      "requires": {
        "safe-buffer": "~5.1.0"
      }
    },
    "tap-exit-code": {
      "version": "2.0.0",
      "resolved": "https://registry.npmjs.org/tap-exit-code/-/tap-exit-code-2.0.0.tgz",
      "integrity": "sha512-T1JrwCn2lLqdENapNGRAXRbNW9Z1bQDIjtVRAwxYwHhqTR9skVQlfyyQqAUVPgW6awHdV/v0BvS2KNDgm1pzDA==",
      "dev": true,
      "requires": {
        "duplexer": "^0.1.1",
        "tap_parser": "^1.0.3",
        "throo": "^1.0.0",
        "through2": "^2.0.1"
      }
    },
    "tap-lexer": {
      "version": "1.0.3",
      "resolved": "https://registry.npmjs.org/tap-lexer/-/tap-lexer-1.0.3.tgz",
      "integrity": "sha1-69SlqQUAL1EYVYtptmYerZXkpRg=",
      "dev": true,
      "requires": {
        "duplexer": "0.1.1",
        "split2": "^2.1.0",
        "through2": "^2.0.1"
      }
    },
    "tap-line-parsers": {
      "version": "1.0.2",
      "resolved": "https://registry.npmjs.org/tap-line-parsers/-/tap-line-parsers-1.0.2.tgz",
      "integrity": "sha1-SKZwj3uk/wXCmRTLsBlb7ex1B4w=",
      "dev": true
    },
    "tap_parser": {
      "version": "1.0.4",
      "resolved": "https://registry.npmjs.org/tap_parser/-/tap_parser-1.0.4.tgz",
      "integrity": "sha1-6x3Lov0IMzKB3dKH1NFatz/1U1A=",
      "dev": true,
      "requires": {
        "duplexer": "^0.1.1",
        "js-yaml": "^3.6.1",
        "tap-lexer": "^1.0.2",
        "tap-line-parsers": "^1.0.1",
        "throo": "^1.0.0",
        "through2": "^2.0.1"
      }
    },
    "throo": {
      "version": "1.0.1",
      "resolved": "https://registry.npmjs.org/throo/-/throo-1.0.1.tgz",
      "integrity": "sha1-7vwR++Jhsgmrw4KgCFSGs0P8eU8=",
      "dev": true
    },
    "through2": {
      "version": "2.0.5",
      "resolved": "https://registry.npmjs.org/through2/-/through2-2.0.5.tgz",
      "integrity": "sha512-/mrRod8xqpA+IHSLyGCQ2s8SPHiCDEeQJSep1jqLYeEUClOFG2Qsh+4FU6G9VeqpZnGW/Su8LQGc4YKni5rYSQ==",
      "dev": true,
      "requires": {
        "readable-stream": "~2.3.6",
        "xtend": "~4.0.1"
      }
    },
    "util-deprecate": {
      "version": "1.0.2",
      "resolved": "https://registry.npmjs.org/util-deprecate/-/util-deprecate-1.0.2.tgz",
      "integrity": "sha1-RQ1Nyfpw3nMnYvvS1KKJgUGaDM8=",
      "dev": true
    },
    "xtend": {
      "version": "4.0.2",
      "resolved": "https://registry.npmjs.org/xtend/-/xtend-4.0.2.tgz",
      "integrity": "sha512-LKYU1iAXJXUgAXn9URjiu+MWhyUXHsvfp7mcuYm9dSUKK0/CjtrUwFAxD82/mCWbtLsGjFIad0wIsod4zrTAEQ==",
      "dev": true
    },
    "zora": {
      "version": "3.1.9",
      "resolved": "https://registry.npmjs.org/zora/-/zora-3.1.9.tgz",
      "integrity": "sha512-6jd7VEVTVAJFESLW9WMfomKLbOPy2SOcV+LrKn87VgpUfdoUiIxOJgu8pYvWzk85qbglnfzh/TDRjsbknurN6A==",
      "dev": true
    }
  }
}
